
Microsoft Visual Studio Solution File, Format Version 12.00
# Visual Studio Version 16
VisualStudioVersion = 16.0.31112.23
MinimumVisualStudioVersion = 10.0.40219.1
Project("{8BC9CEB8-8B4A-11D0-8D11-00A0C91BC942}") = "GraphTheoryProbability", "GraphTheoryProbability\GraphTheoryProbability.vcxproj", "{B07B6531-B47F-46DC-9541-0E1796A61565}"
EndProject
Global
	GlobalSection(SolutionConfigurationPlatforms) = preSolution
		Debug|x64 = Debug|x64
		Debug|x86 = Debug|x86
		Release|x64 = Release|x64
		Release|x86 = Release|x86
	EndGlobalSection
	GlobalSection(ProjectConfigurationPlatforms) = postSolution
		{B07B6531-B47F-46DC-9541-0E1796A61565}.Debug|x64.ActiveCfg = Debug|x64
		{B07B6531-B47F-46DC-9541-0E1796A61565}.Debug|x64.Build.0 = Debug|x64
		{B07B6531-B47F-46DC-9541-0E1796A61565}.Debug|x86.ActiveCfg = Debug|Win32
		{B07B6531-B47F-46DC-9541-0E1796A61565}.Debug|x86.Build.0 = Debug|Win32
		{B07B6531-B47F-46DC-9541-0E1796A61565}.Release|x64.ActiveCfg = Release|x64
		{B07B6531-B47F-46DC-9541-0E1796A61565}.Release|x64.Build.0 = Release|x64
		{B07B6531-B47F-46DC-9541-0E1796A61565}.Release|x86.ActiveCfg = Release|Win32
		{B07B6531-B47F-46DC-9541-0E1796A61565}.Release|x86.Build.0 = Release|Win32
	EndGlobalSection
	GlobalSection(SolutionProperties) = preSolution
		HideSolutionNode = FALSE
	EndGlobalSection
	GlobalSection(ExtensibilityGlobals) = postSolution
		SolutionGuid = {624C6CBE-ABDD-4471-8DAC-A5EF4BEFC905}
	EndGlobalSection
EndGlobal
